
Microsoft Visual Studio Solution File, Format Version 12.00
# Visual Studio Version 16
VisualStudioVersion = 16.0.31025.194
MinimumVisualStudioVersion = 10.0.40219.1
Project("{FAE04EC0-301F-11D3-BF4B-00C04F79EFBC}") = "lambda", "lambda.csproj", "{F9DAADD1-3C93-4367-8D23-B1683167907D}"
EndProject
Global
	GlobalSection(SolutionConfigurationPlatforms) = preSolution
		Debug|Any CPU = Debug|Any CPU
		Release|Any CPU = Release|Any CPU
	EndGlobalSection
	GlobalSection(ProjectConfigurationPlatforms) = postSolution
		{F9DAADD1-3C93-4367-8D23-B1683167907D}.Debug|Any CPU.ActiveCfg = Debug|Any CPU
		{F9DAADD1-3C93-4367-8D23-B1683167907D}.Debug|Any CPU.Build.0 = Debug|Any CPU
		{F9DAADD1-3C93-4367-8D23-B1683167907D}.Release|Any CPU.ActiveCfg = Release|Any CPU
		{F9DAADD1-3C93-4367-8D23-B1683167907D}.Release|Any CPU.Build.0 = Release|Any CPU
	EndGlobalSection
	GlobalSection(SolutionProperties) = preSolution
		HideSolutionNode = FALSE
	EndGlobalSection
	GlobalSection(ExtensibilityGlobals) = postSolution
		SolutionGuid = {941F1E50-6C23-4C20-A450-5DC135B8205C}
	EndGlobalSection
EndGlobal
